github.com/BurntSushi/toml v1.6.0 h1:dRaEfpa2VI55EwlIW72hMRHdWouJeRF7TPYhI+AUQjk=
github.com/BurntSushi/toml v1.6.0/go.mod h1:ukJfTF/6rtPPRCnwkur4qwRxa8vTRFBF0uk2lLoLwho=
github.com/beanpuppy/slap v0.1.2 h1:p2C9zZm4ruSLB0XqdYnlY9Rj3KLnUfOiZ3U1qSbpZRo=
github.com/beanpuppy/slap v0.1.2/go.mod h1:IaCr34Dh61u5tBHp820FKC3Eb+qr25rkXfAOLnqVWds=
github.com/halcyonnouveau/soppo/runtime v0.2.0 h1:7JCQEv38UaOqgcrNmypS9YGTe9nORyGDpyCtMd4Q7/A=
github.com/halcyonnouveau/soppo/runtime v0.2.0/go.mod h1:MxeGBK0DTVegrsTX8ltI9XAVlSOcokHHZustdqyRoJs=
